
Microsoft Visual Studio Solution File, Format Version 12.00
# Visual Studio Version 17
VisualStudioVersion = 17.5.33502.453
MinimumVisualStudioVersion = 10.0.40219.1
Project("{9A19103F-16F7-4668-BE54-9A1E7A4F7556}") = "RI_Live_Sportsbook_ASPNetCore_SignalR", "RI_Live_Sportsbook_ASPNetCore_SignalR.csproj", "{2F7A191A-1D21-4522-83CC-74F9C143C851}"
EndProject
Project("{FAE04EC0-301F-11D3-BF4B-00C04F79EFBC}") = "RI_Live_Sportsbook_ASPNetCore_SignalR_Test", "..\RI_Live_Sportsbook_ASPNetCore_SignalR_Test\RI_Live_Sportsbook_ASPNetCore_SignalR_Test.csproj", "{7F19103E-6940-4361-85C5-C9346582BA57}"
EndProject
Global
	GlobalSection(SolutionConfigurationPlatforms) = preSolution
		Debug|Any CPU = Debug|Any CPU
		Release|Any CPU = Release|Any CPU
	EndGlobalSection
	GlobalSection(ProjectConfigurationPlatforms) = postSolution
		{2F7A191A-1D21-4522-83CC-74F9C143C851}.Debug|Any CPU.ActiveCfg = Debug|Any CPU
		{2F7A191A-1D21-4522-83CC-74F9C143C851}.Debug|Any CPU.Build.0 = Debug|Any CPU
		{2F7A191A-1D21-4522-83CC-74F9C143C851}.Release|Any CPU.ActiveCfg = Release|Any CPU
		{2F7A191A-1D21-4522-83CC-74F9C143C851}.Release|Any CPU.Build.0 = Release|Any CPU
		{7F19103E-6940-4361-85C5-C9346582BA57}.Debug|Any CPU.ActiveCfg = Debug|Any CPU
		{7F19103E-6940-4361-85C5-C9346582BA57}.Debug|Any CPU.Build.0 = Debug|Any CPU
		{7F19103E-6940-4361-85C5-C9346582BA57}.Release|Any CPU.ActiveCfg = Release|Any CPU
		{7F19103E-6940-4361-85C5-C9346582BA57}.Release|Any CPU.Build.0 = Release|Any CPU
	EndGlobalSection
	GlobalSection(SolutionProperties) = preSolution
		HideSolutionNode = FALSE
	EndGlobalSection
	GlobalSection(ExtensibilityGlobals) = postSolution
		SolutionGuid = {74EED7E2-8A67-43C7-BE21-84A31680969B}
	EndGlobalSection
EndGlobal
